
Microsoft Visual Studio Solution File, Format Version 12.00
# Visual Studio Version 17
VisualStudioVersion = 17.8.34316.72
MinimumVisualStudioVersion = 10.0.40219.1
Project("{FAE04EC0-301F-11D3-BF4B-00C04F79EFBC}") = "Ex2 Antecessor", "Ex2 Antecessor\Ex2 Antecessor.csproj", "{C3ABA59F-0A71-4724-87F6-30B55FB953FC}"
EndProject
Global
	GlobalSection(SolutionConfigurationPlatforms) = preSolution
		Debug|Any CPU = Debug|Any CPU
		Release|Any CPU = Release|Any CPU
	EndGlobalSection
	GlobalSection(ProjectConfigurationPlatforms) = postSolution
		{C3ABA59F-0A71-4724-87F6-30B55FB953FC}.Debug|Any CPU.ActiveCfg = Debug|Any CPU
		{C3ABA59F-0A71-4724-87F6-30B55FB953FC}.Debug|Any CPU.Build.0 = Debug|Any CPU
		{C3ABA59F-0A71-4724-87F6-30B55FB953FC}.Release|Any CPU.ActiveCfg = Release|Any CPU
		{C3ABA59F-0A71-4724-87F6-30B55FB953FC}.Release|Any CPU.Build.0 = Release|Any CPU
	EndGlobalSection
	GlobalSection(SolutionProperties) = preSolution
		HideSolutionNode = FALSE
	EndGlobalSection
	GlobalSection(ExtensibilityGlobals) = postSolution
		SolutionGuid = {541F697A-5247-4BDD-866B-F01F20A8321B}
	EndGlobalSection
EndGlobal
